
Microsoft Visual Studio Solution File, Format Version 12.00
# Visual Studio Version 17
VisualStudioVersion = 17.7.34221.43
MinimumVisualStudioVersion = 10.0.40219.1
Project("{2150E333-8FDC-42A3-9474-1A3956D46DE8}") = "src", "src", "{27D02E2C-09FA-480D-AA9A-AAEC8727BCB1}"
EndProject
Project("{2150E333-8FDC-42A3-9474-1A3956D46DE8}") = "REST", "REST", "{ED5539AB-6356-488C-A77F-BD931554992D}"
EndProject
Project("{2150E333-8FDC-42A3-9474-1A3956D46DE8}") = "OData", "OData", "{2790A54F-8218-4C3A-87EE-9FB473224DDE}"
EndProject
Project("{2150E333-8FDC-42A3-9474-1A3956D46DE8}") = "gRPC", "gRPC", "{B551FC23-D44C-4C58-97D6-0A8E5E9AFD7B}"
EndProject
Project("{2150E333-8FDC-42A3-9474-1A3956D46DE8}") = "SOAP", "SOAP", "{8E49669D-B36B-46FE-BB04-7C86F3E5A706}"
EndProject
Project("{2150E333-8FDC-42A3-9474-1A3956D46DE8}") = "GraphQL", "GraphQL", "{9CBA7AAC-B685-4626-8711-20FDAAEE6710}"
EndProject
Project("{9A19103F-16F7-4668-BE54-9A1E7A4F7556}") = "CbrConsoleClient", "src\SOAP\CbrConsoleClient\CbrConsoleClient.csproj", "{1B5956F5-210F-4E46-AAE1-0D1A0FC64577}"
EndProject
Project("{FAE04EC0-301F-11D3-BF4B-00C04F79EFBC}") = "AsmxService", "src\SOAP\AsmxService\AsmxService.csproj", "{BAD35A7F-179F-4627-8F7D-92B75DD67913}"
EndProject
Project("{FAE04EC0-301F-11D3-BF4B-00C04F79EFBC}") = "WcfService", "src\SOAP\WcfService\WcfService.csproj", "{FF201186-6382-4C57-A396-363522C091D0}"
EndProject
Project("{9A19103F-16F7-4668-BE54-9A1E7A4F7556}") = "RestApi", "src\REST\WebApi\RestApi.csproj", "{591319A8-A6C5-494A-93C6-818271BCD9B3}"
EndProject
Project("{9A19103F-16F7-4668-BE54-9A1E7A4F7556}") = "GraphQLApp", "src\GraphQL\GraphQLApp\GraphQLApp.csproj", "{7E920AFB-14D6-4C89-B20C-4856BB0DA0BD}"
EndProject
Project("{9A19103F-16F7-4668-BE54-9A1E7A4F7556}") = "OdataApp", "src\OData\OdataApp\OdataApp.csproj", "{4F72E0DE-1E9D-4DDF-A289-E5B21CB665F2}"
EndProject
Project("{9A19103F-16F7-4668-BE54-9A1E7A4F7556}") = "GrpcClient", "src\gRPC\GrpcClient\GrpcClient.csproj", "{0A0EE9F8-C02B-40FC-AD08-2A497570B0D3}"
EndProject
Project("{9A19103F-16F7-4668-BE54-9A1E7A4F7556}") = "GrpcServer", "src\gRPC\GrpcServer\GrpcServer.csproj", "{6FA530A2-DE9A-47B2-88EB-80EE70DA7069}"
EndProject
Global
	GlobalSection(SolutionConfigurationPlatforms) = preSolution
		Debug|Any CPU = Debug|Any CPU
		Release|Any CPU = Release|Any CPU
	EndGlobalSection
	GlobalSection(ProjectConfigurationPlatforms) = postSolution
		{1B5956F5-210F-4E46-AAE1-0D1A0FC64577}.Debug|Any CPU.ActiveCfg = Debug|Any CPU
		{1B5956F5-210F-4E46-AAE1-0D1A0FC64577}.Debug|Any CPU.Build.0 = Debug|Any CPU
		{1B5956F5-210F-4E46-AAE1-0D1A0FC64577}.Release|Any CPU.ActiveCfg = Release|Any CPU
		{1B5956F5-210F-4E46-AAE1-0D1A0FC64577}.Release|Any CPU.Build.0 = Release|Any CPU
		{BAD35A7F-179F-4627-8F7D-92B75DD67913}.Debug|Any CPU.ActiveCfg = Debug|Any CPU
		{BAD35A7F-179F-4627-8F7D-92B75DD67913}.Debug|Any CPU.Build.0 = Debug|Any CPU
		{BAD35A7F-179F-4627-8F7D-92B75DD67913}.Release|Any CPU.ActiveCfg = Release|Any CPU
		{BAD35A7F-179F-4627-8F7D-92B75DD67913}.Release|Any CPU.Build.0 = Release|Any CPU
		{FF201186-6382-4C57-A396-363522C091D0}.Debug|Any CPU.ActiveCfg = Debug|Any CPU
		{FF201186-6382-4C57-A396-363522C091D0}.Debug|Any CPU.Build.0 = Debug|Any CPU
		{FF201186-6382-4C57-A396-363522C091D0}.Release|Any CPU.ActiveCfg = Release|Any CPU
		{FF201186-6382-4C57-A396-363522C091D0}.Release|Any CPU.Build.0 = Release|Any CPU
		{591319A8-A6C5-494A-93C6-818271BCD9B3}.Debug|Any CPU.ActiveCfg = Debug|Any CPU
		{591319A8-A6C5-494A-93C6-818271BCD9B3}.Debug|Any CPU.Build.0 = Debug|Any CPU
		{591319A8-A6C5-494A-93C6-818271BCD9B3}.Release|Any CPU.ActiveCfg = Release|Any CPU
		{591319A8-A6C5-494A-93C6-818271BCD9B3}.Release|Any CPU.Build.0 = Release|Any CPU
		{7E920AFB-14D6-4C89-B20C-4856BB0DA0BD}.Debug|Any CPU.ActiveCfg = Debug|Any CPU
		{7E920AFB-14D6-4C89-B20C-4856BB0DA0BD}.Debug|Any CPU.Build.0 = Debug|Any CPU
		{7E920AFB-14D6-4C89-B20C-4856BB0DA0BD}.Release|Any CPU.ActiveCfg = Release|Any CPU
		{7E920AFB-14D6-4C89-B20C-4856BB0DA0BD}.Release|Any CPU.Build.0 = Release|Any CPU
		{4F72E0DE-1E9D-4DDF-A289-E5B21CB665F2}.Debug|Any CPU.ActiveCfg = Debug|Any CPU
		{4F72E0DE-1E9D-4DDF-A289-E5B21CB665F2}.Debug|Any CPU.Build.0 = Debug|Any CPU
		{4F72E0DE-1E9D-4DDF-A289-E5B21CB665F2}.Release|Any CPU.ActiveCfg = Release|Any CPU
		{4F72E0DE-1E9D-4DDF-A289-E5B21CB665F2}.Release|Any CPU.Build.0 = Release|Any CPU
		{0A0EE9F8-C02B-40FC-AD08-2A497570B0D3}.Debug|Any CPU.ActiveCfg = Debug|Any CPU
		{0A0EE9F8-C02B-40FC-AD08-2A497570B0D3}.Debug|Any CPU.Build.0 = Debug|Any CPU
		{0A0EE9F8-C02B-40FC-AD08-2A497570B0D3}.Release|Any CPU.ActiveCfg = Release|Any CPU
		{0A0EE9F8-C02B-40FC-AD08-2A497570B0D3}.Release|Any CPU.Build.0 = Release|Any CPU
		{6FA530A2-DE9A-47B2-88EB-80EE70DA7069}.Debug|Any CPU.ActiveCfg = Debug|Any CPU
		{6FA530A2-DE9A-47B2-88EB-80EE70DA7069}.Debug|Any CPU.Build.0 = Debug|Any CPU
		{6FA530A2-DE9A-47B2-88EB-80EE70DA7069}.Release|Any CPU.ActiveCfg = Release|Any CPU
		{6FA530A2-DE9A-47B2-88EB-80EE70DA7069}.Release|Any CPU.Build.0 = Release|Any CPU
	EndGlobalSection
	GlobalSection(SolutionProperties) = preSolution
		HideSolutionNode = FALSE
	EndGlobalSection
	GlobalSection(NestedProjects) = preSolution
		{ED5539AB-6356-488C-A77F-BD931554992D} = {27D02E2C-09FA-480D-AA9A-AAEC8727BCB1}
		{2790A54F-8218-4C3A-87EE-9FB473224DDE} = {27D02E2C-09FA-480D-AA9A-AAEC8727BCB1}
		{B551FC23-D44C-4C58-97D6-0A8E5E9AFD7B} = {27D02E2C-09FA-480D-AA9A-AAEC8727BCB1}
		{8E49669D-B36B-46FE-BB04-7C86F3E5A706} = {27D02E2C-09FA-480D-AA9A-AAEC8727BCB1}
		{9CBA7AAC-B685-4626-8711-20FDAAEE6710} = {27D02E2C-09FA-480D-AA9A-AAEC8727BCB1}
		{1B5956F5-210F-4E46-AAE1-0D1A0FC64577} = {8E49669D-B36B-46FE-BB04-7C86F3E5A706}
		{BAD35A7F-179F-4627-8F7D-92B75DD67913} = {8E49669D-B36B-46FE-BB04-7C86F3E5A706}
		{FF201186-6382-4C57-A396-363522C091D0} = {8E49669D-B36B-46FE-BB04-7C86F3E5A706}
		{591319A8-A6C5-494A-93C6-818271BCD9B3} = {ED5539AB-6356-488C-A77F-BD931554992D}
		{7E920AFB-14D6-4C89-B20C-4856BB0DA0BD} = {9CBA7AAC-B685-4626-8711-20FDAAEE6710}
		{4F72E0DE-1E9D-4DDF-A289-E5B21CB665F2} = {2790A54F-8218-4C3A-87EE-9FB473224DDE}
		{0A0EE9F8-C02B-40FC-AD08-2A497570B0D3} = {B551FC23-D44C-4C58-97D6-0A8E5E9AFD7B}
		{6FA530A2-DE9A-47B2-88EB-80EE70DA7069} = {B551FC23-D44C-4C58-97D6-0A8E5E9AFD7B}
	EndGlobalSection
	GlobalSection(ExtensibilityGlobals) = postSolution
		SolutionGuid = {CC699014-6714-4845-A00D-87EB4F2BD0D8}
	EndGlobalSection
EndGlobal
