
Microsoft Visual Studio Solution File, Format Version 12.00
# Visual Studio Version 17
VisualStudioVersion = 17.7.34221.43
MinimumVisualStudioVersion = 10.0.40219.1
Project("{FAE04EC0-301F-11D3-BF4B-00C04F79EFBC}") = "WebApi.Timeline", "WebApi.Timeline\WebApi.Timeline.csproj", "{75C2E2E0-DAD3-4A01-8970-31711F642FAF}"
EndProject
Global
	GlobalSection(SolutionConfigurationPlatforms) = preSolution
		Debug|Any CPU = Debug|Any CPU
		Release|Any CPU = Release|Any CPU
	EndGlobalSection
	GlobalSection(ProjectConfigurationPlatforms) = postSolution
		{75C2E2E0-DAD3-4A01-8970-31711F642FAF}.Debug|Any CPU.ActiveCfg = Debug|Any CPU
		{75C2E2E0-DAD3-4A01-8970-31711F642FAF}.Debug|Any CPU.Build.0 = Debug|Any CPU
		{75C2E2E0-DAD3-4A01-8970-31711F642FAF}.Release|Any CPU.ActiveCfg = Release|Any CPU
		{75C2E2E0-DAD3-4A01-8970-31711F642FAF}.Release|Any CPU.Build.0 = Release|Any CPU
	EndGlobalSection
	GlobalSection(SolutionProperties) = preSolution
		HideSolutionNode = FALSE
	EndGlobalSection
	GlobalSection(ExtensibilityGlobals) = postSolution
		SolutionGuid = {CC699014-6714-4845-A00D-87EB4F2BD0D8}
	EndGlobalSection
EndGlobal
